
Microsoft Visual Studio Solution File, Format Version 12.00
# Visual Studio 15
VisualStudioVersion = 15.0.28307.902
MinimumVisualStudioVersion = 10.0.40219.1
Project("{FAE04EC0-301F-11D3-BF4B-00C04F79EFBC}") = "TMDB.net", "TMDB.net\TMDB.net.csproj", "{8A6DDD79-EB0F-416E-B433-B7EDF9B0A76C}"
EndProject
Global
	GlobalSection(SolutionConfigurationPlatforms) = preSolution
		Debug|Any CPU = Debug|Any CPU
		Release|Any CPU = Release|Any CPU
	EndGlobalSection
	GlobalSection(ProjectConfigurationPlatforms) = postSolution
		{8A6DDD79-EB0F-416E-B433-B7EDF9B0A76C}.Debug|Any CPU.ActiveCfg = Debug|Any CPU
		{8A6DDD79-EB0F-416E-B433-B7EDF9B0A76C}.Debug|Any CPU.Build.0 = Debug|Any CPU
		{8A6DDD79-EB0F-416E-B433-B7EDF9B0A76C}.Release|Any CPU.ActiveCfg = Release|Any CPU
		{8A6DDD79-EB0F-416E-B433-B7EDF9B0A76C}.Release|Any CPU.Build.0 = Release|Any CPU
	EndGlobalSection
	GlobalSection(SolutionProperties) = preSolution
		HideSolutionNode = FALSE
	EndGlobalSection
	GlobalSection(ExtensibilityGlobals) = postSolution
		SolutionGuid = {7002AE98-A6F1-43F2-B3B0-7589A75C862C}
	EndGlobalSection
EndGlobal
